
Microsoft Visual Studio Solution File, Format Version 12.00
# Visual Studio Version 17
VisualStudioVersion = 17.6.33829.357
MinimumVisualStudioVersion = 10.0.40219.1
Project("{2150E333-8FDC-42A3-9474-1A3956D46DE8}") = "00-Doc", "00-Doc", "{1D01275B-0641-43FF-B253-340D5E5980E9}"
EndProject
Project("{2150E333-8FDC-42A3-9474-1A3956D46DE8}") = "10-Core", "10-Core", "{F6C887D9-C748-4B92-A715-0519644F5BC3}"
EndProject
Project("{2150E333-8FDC-42A3-9474-1A3956D46DE8}") = "90-Test", "90-Test", "{B0AA3C8A-F9E2-4742-9F86-F34D10136B49}"
EndProject
Project("{9A19103F-16F7-4668-BE54-9A1E7A4F7556}") = "Dance", "Dance\Dance.csproj", "{F117B245-A6D6-4DDD-BA1D-FB2762B83C7B}"
EndProject
Project("{9A19103F-16F7-4668-BE54-9A1E7A4F7556}") = "Dance.UnitTest", "Dance.UnitTest\Dance.UnitTest.csproj", "{7C9038A3-1272-4FDA-956A-0658E4D56292}"
EndProject
Project("{9A19103F-16F7-4668-BE54-9A1E7A4F7556}") = "Dance.WpfTest", "Dance.WpfTest\Dance.WpfTest.csproj", "{6E53A1C7-8369-4A32-9998-A63C9CBFC43C}"
EndProject
Project("{2150E333-8FDC-42A3-9474-1A3956D46DE8}") = "20-Common", "20-Common", "{137A41AF-650D-46F9-98CA-87696EF0AD96}"
EndProject
Project("{9A19103F-16F7-4668-BE54-9A1E7A4F7556}") = "Dance.Wpf", "Dance.Wpf\Dance.Wpf.csproj", "{B523B86A-BA3F-4B9C-A3EF-046AD5B1162B}"
EndProject
Project("{2150E333-8FDC-42A3-9474-1A3956D46DE8}") = "50-Framework", "50-Framework", "{07D4199B-1D53-4779-9D4F-7D6484294D57}"
EndProject
Project("{9A19103F-16F7-4668-BE54-9A1E7A4F7556}") = "Dance.Framework", "Dance.Framework\Dance.Framework.csproj", "{E368E22F-F952-4924-A0E6-63B7D9040B14}"
EndProject
Project("{2150E333-8FDC-42A3-9474-1A3956D46DE8}") = "60-Plugin", "60-Plugin", "{CBFBCB96-9CD8-4A2F-8E75-55393E4F820E}"
EndProject
Project("{2150E333-8FDC-42A3-9474-1A3956D46DE8}") = "80-Client", "80-Client", "{FCB2C7E1-49B5-40CB-BCA6-2930FB0D9517}"
EndProject
Project("{2150E333-8FDC-42A3-9474-1A3956D46DE8}") = "snippet", "snippet", "{7F518DAB-25AA-4C61-9C0B-8DF93FACFD68}"
	ProjectSection(SolutionItems) = preProject
		..\.vs_tool\snippet\dance_command.snippet = ..\.vs_tool\snippet\dance_command.snippet
		..\.vs_tool\snippet\dance_command_t.snippet = ..\.vs_tool\snippet\dance_command_t.snippet
		..\.vs_tool\snippet\dance_property.snippet = ..\.vs_tool\snippet\dance_property.snippet
		..\.vs_tool\snippet\dance_region.snippet = ..\.vs_tool\snippet\dance_region.snippet
	EndProjectSection
EndProject
Project("{2150E333-8FDC-42A3-9474-1A3956D46DE8}") = ".vs_tool", ".vs_tool", "{1B722F2A-D668-4DA7-9A29-4D5912EE26E1}"
EndProject
Project("{9A19103F-16F7-4668-BE54-9A1E7A4F7556}") = "Dance.Plugin.Dock", "Dance.Plugin.Dock\Dance.Plugin.Dock.csproj", "{43C36F27-4C8D-4279-8D4B-EB7A92552540}"
EndProject
Project("{9A19103F-16F7-4668-BE54-9A1E7A4F7556}") = "Dance.Plugin.Project", "Dance.Plugin.Project\Dance.Plugin.Project.csproj", "{5BBFBC89-4E9D-44C0-9AC2-2848A7801FB3}"
EndProject
Project("{9A19103F-16F7-4668-BE54-9A1E7A4F7556}") = "Dance.Plugin.Help", "Dance.Plugin.Help\Dance.Plugin.Help.csproj", "{A50DC86D-90B7-4F2B-8272-2069E9D4858F}"
EndProject
Project("{9A19103F-16F7-4668-BE54-9A1E7A4F7556}") = "Dance.Plugin.Plugin", "Dance.Plugin.Plugin\Dance.Plugin.Plugin.csproj", "{0B310171-77EB-425D-8F04-891BB11BECAB}"
EndProject
Project("{9A19103F-16F7-4668-BE54-9A1E7A4F7556}") = "Dance.Plugin.Explorer", "Dance.Plugin.Explorer\Dance.Plugin.Explorer.csproj", "{8200F0BC-9AD4-495C-9995-2CCFC9DC857A}"
EndProject
Project("{2150E333-8FDC-42A3-9474-1A3956D46DE8}") = "Base", "Base", "{5F83D21B-5904-4B05-8218-74C68D2715B6}"
EndProject
Project("{2150E333-8FDC-42A3-9474-1A3956D46DE8}") = "Expansion", "Expansion", "{CC8ECB38-CC6C-4669-B817-AD6A62941F75}"
EndProject
Project("{FAE04EC0-301F-11D3-BF4B-00C04F79EFBC}") = "Dance.Plugin.Log", "Dance.Plugin.Log\Dance.Plugin.Log.csproj", "{3DA1306C-A427-443B-B545-BCA4DAAD2CFD}"
EndProject
Global
	GlobalSection(SolutionConfigurationPlatforms) = preSolution
		Debug|Any CPU = Debug|Any CPU
		Debug|ARM = Debug|ARM
		Debug|ARM64 = Debug|ARM64
		Debug|x64 = Debug|x64
		Debug|x86 = Debug|x86
		Release|Any CPU = Release|Any CPU
		Release|ARM = Release|ARM
		Release|ARM64 = Release|ARM64
		Release|x64 = Release|x64
		Release|x86 = Release|x86
	EndGlobalSection
	GlobalSection(ProjectConfigurationPlatforms) = postSolution
		{F117B245-A6D6-4DDD-BA1D-FB2762B83C7B}.Debug|Any CPU.ActiveCfg = Debug|Any CPU
		{F117B245-A6D6-4DDD-BA1D-FB2762B83C7B}.Debug|Any CPU.Build.0 = Debug|Any CPU
		{F117B245-A6D6-4DDD-BA1D-FB2762B83C7B}.Debug|ARM.ActiveCfg = Debug|Any CPU
		{F117B245-A6D6-4DDD-BA1D-FB2762B83C7B}.Debug|ARM.Build.0 = Debug|Any CPU
		{F117B245-A6D6-4DDD-BA1D-FB2762B83C7B}.Debug|ARM64.ActiveCfg = Debug|Any CPU
		{F117B245-A6D6-4DDD-BA1D-FB2762B83C7B}.Debug|ARM64.Build.0 = Debug|Any CPU
		{F117B245-A6D6-4DDD-BA1D-FB2762B83C7B}.Debug|x64.ActiveCfg = Debug|Any CPU
		{F117B245-A6D6-4DDD-BA1D-FB2762B83C7B}.Debug|x64.Build.0 = Debug|Any CPU
		{F117B245-A6D6-4DDD-BA1D-FB2762B83C7B}.Debug|x86.ActiveCfg = Debug|Any CPU
		{F117B245-A6D6-4DDD-BA1D-FB2762B83C7B}.Debug|x86.Build.0 = Debug|Any CPU
		{F117B245-A6D6-4DDD-BA1D-FB2762B83C7B}.Release|Any CPU.ActiveCfg = Release|Any CPU
		{F117B245-A6D6-4DDD-BA1D-FB2762B83C7B}.Release|Any CPU.Build.0 = Release|Any CPU
		{F117B245-A6D6-4DDD-BA1D-FB2762B83C7B}.Release|ARM.ActiveCfg = Release|Any CPU
		{F117B245-A6D6-4DDD-BA1D-FB2762B83C7B}.Release|ARM.Build.0 = Release|Any CPU
		{F117B245-A6D6-4DDD-BA1D-FB2762B83C7B}.Release|ARM64.ActiveCfg = Release|Any CPU
		{F117B245-A6D6-4DDD-BA1D-FB2762B83C7B}.Release|ARM64.Build.0 = Release|Any CPU
		{F117B245-A6D6-4DDD-BA1D-FB2762B83C7B}.Release|x64.ActiveCfg = Release|Any CPU
		{F117B245-A6D6-4DDD-BA1D-FB2762B83C7B}.Release|x64.Build.0 = Release|Any CPU
		{F117B245-A6D6-4DDD-BA1D-FB2762B83C7B}.Release|x86.ActiveCfg = Release|Any CPU
		{F117B245-A6D6-4DDD-BA1D-FB2762B83C7B}.Release|x86.Build.0 = Release|Any CPU
		{7C9038A3-1272-4FDA-956A-0658E4D56292}.Debug|Any CPU.ActiveCfg = Debug|Any CPU
		{7C9038A3-1272-4FDA-956A-0658E4D56292}.Debug|Any CPU.Build.0 = Debug|Any CPU
		{7C9038A3-1272-4FDA-956A-0658E4D56292}.Debug|ARM.ActiveCfg = Debug|Any CPU
		{7C9038A3-1272-4FDA-956A-0658E4D56292}.Debug|ARM.Build.0 = Debug|Any CPU
		{7C9038A3-1272-4FDA-956A-0658E4D56292}.Debug|ARM64.ActiveCfg = Debug|Any CPU
		{7C9038A3-1272-4FDA-956A-0658E4D56292}.Debug|ARM64.Build.0 = Debug|Any CPU
		{7C9038A3-1272-4FDA-956A-0658E4D56292}.Debug|x64.ActiveCfg = Debug|Any CPU
		{7C9038A3-1272-4FDA-956A-0658E4D56292}.Debug|x64.Build.0 = Debug|Any CPU
		{7C9038A3-1272-4FDA-956A-0658E4D56292}.Debug|x86.ActiveCfg = Debug|Any CPU
		{7C9038A3-1272-4FDA-956A-0658E4D56292}.Debug|x86.Build.0 = Debug|Any CPU
		{7C9038A3-1272-4FDA-956A-0658E4D56292}.Release|Any CPU.ActiveCfg = Release|Any CPU
		{7C9038A3-1272-4FDA-956A-0658E4D56292}.Release|Any CPU.Build.0 = Release|Any CPU
		{7C9038A3-1272-4FDA-956A-0658E4D56292}.Release|ARM.ActiveCfg = Release|Any CPU
		{7C9038A3-1272-4FDA-956A-0658E4D56292}.Release|ARM.Build.0 = Release|Any CPU
		{7C9038A3-1272-4FDA-956A-0658E4D56292}.Release|ARM64.ActiveCfg = Release|Any CPU
		{7C9038A3-1272-4FDA-956A-0658E4D56292}.Release|ARM64.Build.0 = Release|Any CPU
		{7C9038A3-1272-4FDA-956A-0658E4D56292}.Release|x64.ActiveCfg = Release|Any CPU
		{7C9038A3-1272-4FDA-956A-0658E4D56292}.Release|x64.Build.0 = Release|Any CPU
		{7C9038A3-1272-4FDA-956A-0658E4D56292}.Release|x86.ActiveCfg = Release|Any CPU
		{7C9038A3-1272-4FDA-956A-0658E4D56292}.Release|x86.Build.0 = Release|Any CPU
		{6E53A1C7-8369-4A32-9998-A63C9CBFC43C}.Debug|Any CPU.ActiveCfg = Debug|Any CPU
		{6E53A1C7-8369-4A32-9998-A63C9CBFC43C}.Debug|Any CPU.Build.0 = Debug|Any CPU
		{6E53A1C7-8369-4A32-9998-A63C9CBFC43C}.Debug|ARM.ActiveCfg = Debug|Any CPU
		{6E53A1C7-8369-4A32-9998-A63C9CBFC43C}.Debug|ARM.Build.0 = Debug|Any CPU
		{6E53A1C7-8369-4A32-9998-A63C9CBFC43C}.Debug|ARM64.ActiveCfg = Debug|Any CPU
		{6E53A1C7-8369-4A32-9998-A63C9CBFC43C}.Debug|ARM64.Build.0 = Debug|Any CPU
		{6E53A1C7-8369-4A32-9998-A63C9CBFC43C}.Debug|x64.ActiveCfg = Debug|Any CPU
		{6E53A1C7-8369-4A32-9998-A63C9CBFC43C}.Debug|x64.Build.0 = Debug|Any CPU
		{6E53A1C7-8369-4A32-9998-A63C9CBFC43C}.Debug|x86.ActiveCfg = Debug|Any CPU
		{6E53A1C7-8369-4A32-9998-A63C9CBFC43C}.Debug|x86.Build.0 = Debug|Any CPU
		{6E53A1C7-8369-4A32-9998-A63C9CBFC43C}.Release|Any CPU.ActiveCfg = Release|Any CPU
		{6E53A1C7-8369-4A32-9998-A63C9CBFC43C}.Release|Any CPU.Build.0 = Release|Any CPU
		{6E53A1C7-8369-4A32-9998-A63C9CBFC43C}.Release|ARM.ActiveCfg = Release|Any CPU
		{6E53A1C7-8369-4A32-9998-A63C9CBFC43C}.Release|ARM.Build.0 = Release|Any CPU
		{6E53A1C7-8369-4A32-9998-A63C9CBFC43C}.Release|ARM64.ActiveCfg = Release|Any CPU
		{6E53A1C7-8369-4A32-9998-A63C9CBFC43C}.Release|ARM64.Build.0 = Release|Any CPU
		{6E53A1C7-8369-4A32-9998-A63C9CBFC43C}.Release|x64.ActiveCfg = Release|Any CPU
		{6E53A1C7-8369-4A32-9998-A63C9CBFC43C}.Release|x64.Build.0 = Release|Any CPU
		{6E53A1C7-8369-4A32-9998-A63C9CBFC43C}.Release|x86.ActiveCfg = Release|Any CPU
		{6E53A1C7-8369-4A32-9998-A63C9CBFC43C}.Release|x86.Build.0 = Release|Any CPU
		{B523B86A-BA3F-4B9C-A3EF-046AD5B1162B}.Debug|Any CPU.ActiveCfg = Debug|Any CPU
		{B523B86A-BA3F-4B9C-A3EF-046AD5B1162B}.Debug|Any CPU.Build.0 = Debug|Any CPU
		{B523B86A-BA3F-4B9C-A3EF-046AD5B1162B}.Debug|ARM.ActiveCfg = Debug|Any CPU
		{B523B86A-BA3F-4B9C-A3EF-046AD5B1162B}.Debug|ARM.Build.0 = Debug|Any CPU
		{B523B86A-BA3F-4B9C-A3EF-046AD5B1162B}.Debug|ARM64.ActiveCfg = Debug|Any CPU
		{B523B86A-BA3F-4B9C-A3EF-046AD5B1162B}.Debug|ARM64.Build.0 = Debug|Any CPU
		{B523B86A-BA3F-4B9C-A3EF-046AD5B1162B}.Debug|x64.ActiveCfg = Debug|Any CPU
		{B523B86A-BA3F-4B9C-A3EF-046AD5B1162B}.Debug|x64.Build.0 = Debug|Any CPU
		{B523B86A-BA3F-4B9C-A3EF-046AD5B1162B}.Debug|x86.ActiveCfg = Debug|Any CPU
		{B523B86A-BA3F-4B9C-A3EF-046AD5B1162B}.Debug|x86.Build.0 = Debug|Any CPU
		{B523B86A-BA3F-4B9C-A3EF-046AD5B1162B}.Release|Any CPU.ActiveCfg = Release|Any CPU
		{B523B86A-BA3F-4B9C-A3EF-046AD5B1162B}.Release|Any CPU.Build.0 = Release|Any CPU
		{B523B86A-BA3F-4B9C-A3EF-046AD5B1162B}.Release|ARM.ActiveCfg = Release|Any CPU
		{B523B86A-BA3F-4B9C-A3EF-046AD5B1162B}.Release|ARM.Build.0 = Release|Any CPU
		{B523B86A-BA3F-4B9C-A3EF-046AD5B1162B}.Release|ARM64.ActiveCfg = Release|Any CPU
		{B523B86A-BA3F-4B9C-A3EF-046AD5B1162B}.Release|ARM64.Build.0 = Release|Any CPU
		{B523B86A-BA3F-4B9C-A3EF-046AD5B1162B}.Release|x64.ActiveCfg = Release|Any CPU
		{B523B86A-BA3F-4B9C-A3EF-046AD5B1162B}.Release|x64.Build.0 = Release|Any CPU
		{B523B86A-BA3F-4B9C-A3EF-046AD5B1162B}.Release|x86.ActiveCfg = Release|Any CPU
		{B523B86A-BA3F-4B9C-A3EF-046AD5B1162B}.Release|x86.Build.0 = Release|Any CPU
		{E368E22F-F952-4924-A0E6-63B7D9040B14}.Debug|Any CPU.ActiveCfg = Debug|Any CPU
		{E368E22F-F952-4924-A0E6-63B7D9040B14}.Debug|Any CPU.Build.0 = Debug|Any CPU
		{E368E22F-F952-4924-A0E6-63B7D9040B14}.Debug|ARM.ActiveCfg = Debug|Any CPU
		{E368E22F-F952-4924-A0E6-63B7D9040B14}.Debug|ARM.Build.0 = Debug|Any CPU
		{E368E22F-F952-4924-A0E6-63B7D9040B14}.Debug|ARM64.ActiveCfg = Debug|Any CPU
		{E368E22F-F952-4924-A0E6-63B7D9040B14}.Debug|ARM64.Build.0 = Debug|Any CPU
		{E368E22F-F952-4924-A0E6-63B7D9040B14}.Debug|x64.ActiveCfg = Debug|Any CPU
		{E368E22F-F952-4924-A0E6-63B7D9040B14}.Debug|x64.Build.0 = Debug|Any CPU
		{E368E22F-F952-4924-A0E6-63B7D9040B14}.Debug|x86.ActiveCfg = Debug|Any CPU
		{E368E22F-F952-4924-A0E6-63B7D9040B14}.Debug|x86.Build.0 = Debug|Any CPU
		{E368E22F-F952-4924-A0E6-63B7D9040B14}.Release|Any CPU.ActiveCfg = Release|Any CPU
		{E368E22F-F952-4924-A0E6-63B7D9040B14}.Release|Any CPU.Build.0 = Release|Any CPU
		{E368E22F-F952-4924-A0E6-63B7D9040B14}.Release|ARM.ActiveCfg = Release|Any CPU
		{E368E22F-F952-4924-A0E6-63B7D9040B14}.Release|ARM.Build.0 = Release|Any CPU
		{E368E22F-F952-4924-A0E6-63B7D9040B14}.Release|ARM64.ActiveCfg = Release|Any CPU
		{E368E22F-F952-4924-A0E6-63B7D9040B14}.Release|ARM64.Build.0 = Release|Any CPU
		{E368E22F-F952-4924-A0E6-63B7D9040B14}.Release|x64.ActiveCfg = Release|Any CPU
		{E368E22F-F952-4924-A0E6-63B7D9040B14}.Release|x64.Build.0 = Release|Any CPU
		{E368E22F-F952-4924-A0E6-63B7D9040B14}.Release|x86.ActiveCfg = Release|Any CPU
		{E368E22F-F952-4924-A0E6-63B7D9040B14}.Release|x86.Build.0 = Release|Any CPU
		{43C36F27-4C8D-4279-8D4B-EB7A92552540}.Debug|Any CPU.ActiveCfg = Debug|Any CPU
		{43C36F27-4C8D-4279-8D4B-EB7A92552540}.Debug|Any CPU.Build.0 = Debug|Any CPU
		{43C36F27-4C8D-4279-8D4B-EB7A92552540}.Debug|ARM.ActiveCfg = Debug|Any CPU
		{43C36F27-4C8D-4279-8D4B-EB7A92552540}.Debug|ARM.Build.0 = Debug|Any CPU
		{43C36F27-4C8D-4279-8D4B-EB7A92552540}.Debug|ARM64.ActiveCfg = Debug|Any CPU
		{43C36F27-4C8D-4279-8D4B-EB7A92552540}.Debug|ARM64.Build.0 = Debug|Any CPU
		{43C36F27-4C8D-4279-8D4B-EB7A92552540}.Debug|x64.ActiveCfg = Debug|Any CPU
		{43C36F27-4C8D-4279-8D4B-EB7A92552540}.Debug|x64.Build.0 = Debug|Any CPU
		{43C36F27-4C8D-4279-8D4B-EB7A92552540}.Debug|x86.ActiveCfg = Debug|Any CPU
		{43C36F27-4C8D-4279-8D4B-EB7A92552540}.Debug|x86.Build.0 = Debug|Any CPU
		{43C36F27-4C8D-4279-8D4B-EB7A92552540}.Release|Any CPU.ActiveCfg = Release|Any CPU
		{43C36F27-4C8D-4279-8D4B-EB7A92552540}.Release|Any CPU.Build.0 = Release|Any CPU
		{43C36F27-4C8D-4279-8D4B-EB7A92552540}.Release|ARM.ActiveCfg = Release|Any CPU
		{43C36F27-4C8D-4279-8D4B-EB7A92552540}.Release|ARM.Build.0 = Release|Any CPU
		{43C36F27-4C8D-4279-8D4B-EB7A92552540}.Release|ARM64.ActiveCfg = Release|Any CPU
		{43C36F27-4C8D-4279-8D4B-EB7A92552540}.Release|ARM64.Build.0 = Release|Any CPU
		{43C36F27-4C8D-4279-8D4B-EB7A92552540}.Release|x64.ActiveCfg = Release|Any CPU
		{43C36F27-4C8D-4279-8D4B-EB7A92552540}.Release|x64.Build.0 = Release|Any CPU
		{43C36F27-4C8D-4279-8D4B-EB7A92552540}.Release|x86.ActiveCfg = Release|Any CPU
		{43C36F27-4C8D-4279-8D4B-EB7A92552540}.Release|x86.Build.0 = Release|Any CPU
		{5BBFBC89-4E9D-44C0-9AC2-2848A7801FB3}.Debug|Any CPU.ActiveCfg = Debug|Any CPU
		{5BBFBC89-4E9D-44C0-9AC2-2848A7801FB3}.Debug|Any CPU.Build.0 = Debug|Any CPU
		{5BBFBC89-4E9D-44C0-9AC2-2848A7801FB3}.Debug|ARM.ActiveCfg = Debug|Any CPU
		{5BBFBC89-4E9D-44C0-9AC2-2848A7801FB3}.Debug|ARM.Build.0 = Debug|Any CPU
		{5BBFBC89-4E9D-44C0-9AC2-2848A7801FB3}.Debug|ARM64.ActiveCfg = Debug|Any CPU
		{5BBFBC89-4E9D-44C0-9AC2-2848A7801FB3}.Debug|ARM64.Build.0 = Debug|Any CPU
		{5BBFBC89-4E9D-44C0-9AC2-2848A7801FB3}.Debug|x64.ActiveCfg = Debug|Any CPU
		{5BBFBC89-4E9D-44C0-9AC2-2848A7801FB3}.Debug|x64.Build.0 = Debug|Any CPU
		{5BBFBC89-4E9D-44C0-9AC2-2848A7801FB3}.Debug|x86.ActiveCfg = Debug|Any CPU
		{5BBFBC89-4E9D-44C0-9AC2-2848A7801FB3}.Debug|x86.Build.0 = Debug|Any CPU
		{5BBFBC89-4E9D-44C0-9AC2-2848A7801FB3}.Release|Any CPU.ActiveCfg = Release|Any CPU
		{5BBFBC89-4E9D-44C0-9AC2-2848A7801FB3}.Release|Any CPU.Build.0 = Release|Any CPU
		{5BBFBC89-4E9D-44C0-9AC2-2848A7801FB3}.Release|ARM.ActiveCfg = Release|Any CPU
		{5BBFBC89-4E9D-44C0-9AC2-2848A7801FB3}.Release|ARM.Build.0 = Release|Any CPU
		{5BBFBC89-4E9D-44C0-9AC2-2848A7801FB3}.Release|ARM64.ActiveCfg = Release|Any CPU
		{5BBFBC89-4E9D-44C0-9AC2-2848A7801FB3}.Release|ARM64.Build.0 = Release|Any CPU
		{5BBFBC89-4E9D-44C0-9AC2-2848A7801FB3}.Release|x64.ActiveCfg = Release|Any CPU
		{5BBFBC89-4E9D-44C0-9AC2-2848A7801FB3}.Release|x64.Build.0 = Release|Any CPU
		{5BBFBC89-4E9D-44C0-9AC2-2848A7801FB3}.Release|x86.ActiveCfg = Release|Any CPU
		{5BBFBC89-4E9D-44C0-9AC2-2848A7801FB3}.Release|x86.Build.0 = Release|Any CPU
		{A50DC86D-90B7-4F2B-8272-2069E9D4858F}.Debug|Any CPU.ActiveCfg = Debug|Any CPU
		{A50DC86D-90B7-4F2B-8272-2069E9D4858F}.Debug|Any CPU.Build.0 = Debug|Any CPU
		{A50DC86D-90B7-4F2B-8272-2069E9D4858F}.Debug|ARM.ActiveCfg = Debug|Any CPU
		{A50DC86D-90B7-4F2B-8272-2069E9D4858F}.Debug|ARM.Build.0 = Debug|Any CPU
		{A50DC86D-90B7-4F2B-8272-2069E9D4858F}.Debug|ARM64.ActiveCfg = Debug|Any CPU
		{A50DC86D-90B7-4F2B-8272-2069E9D4858F}.Debug|ARM64.Build.0 = Debug|Any CPU
		{A50DC86D-90B7-4F2B-8272-2069E9D4858F}.Debug|x64.ActiveCfg = Debug|Any CPU
		{A50DC86D-90B7-4F2B-8272-2069E9D4858F}.Debug|x64.Build.0 = Debug|Any CPU
		{A50DC86D-90B7-4F2B-8272-2069E9D4858F}.Debug|x86.ActiveCfg = Debug|Any CPU
		{A50DC86D-90B7-4F2B-8272-2069E9D4858F}.Debug|x86.Build.0 = Debug|Any CPU
		{A50DC86D-90B7-4F2B-8272-2069E9D4858F}.Release|Any CPU.ActiveCfg = Release|Any CPU
		{A50DC86D-90B7-4F2B-8272-2069E9D4858F}.Release|Any CPU.Build.0 = Release|Any CPU
		{A50DC86D-90B7-4F2B-8272-2069E9D4858F}.Release|ARM.ActiveCfg = Release|Any CPU
		{A50DC86D-90B7-4F2B-8272-2069E9D4858F}.Release|ARM.Build.0 = Release|Any CPU
		{A50DC86D-90B7-4F2B-8272-2069E9D4858F}.Release|ARM64.ActiveCfg = Release|Any CPU
		{A50DC86D-90B7-4F2B-8272-2069E9D4858F}.Release|ARM64.Build.0 = Release|Any CPU
		{A50DC86D-90B7-4F2B-8272-2069E9D4858F}.Release|x64.ActiveCfg = Release|Any CPU
		{A50DC86D-90B7-4F2B-8272-2069E9D4858F}.Release|x64.Build.0 = Release|Any CPU
		{A50DC86D-90B7-4F2B-8272-2069E9D4858F}.Release|x86.ActiveCfg = Release|Any CPU
		{A50DC86D-90B7-4F2B-8272-2069E9D4858F}.Release|x86.Build.0 = Release|Any CPU
		{0B310171-77EB-425D-8F04-891BB11BECAB}.Debug|Any CPU.ActiveCfg = Debug|Any CPU
		{0B310171-77EB-425D-8F04-891BB11BECAB}.Debug|Any CPU.Build.0 = Debug|Any CPU
		{0B310171-77EB-425D-8F04-891BB11BECAB}.Debug|ARM.ActiveCfg = Debug|Any CPU
		{0B310171-77EB-425D-8F04-891BB11BECAB}.Debug|ARM.Build.0 = Debug|Any CPU
		{0B310171-77EB-425D-8F04-891BB11BECAB}.Debug|ARM64.ActiveCfg = Debug|Any CPU
		{0B310171-77EB-425D-8F04-891BB11BECAB}.Debug|ARM64.Build.0 = Debug|Any CPU
		{0B310171-77EB-425D-8F04-891BB11BECAB}.Debug|x64.ActiveCfg = Debug|Any CPU
		{0B310171-77EB-425D-8F04-891BB11BECAB}.Debug|x64.Build.0 = Debug|Any CPU
		{0B310171-77EB-425D-8F04-891BB11BECAB}.Debug|x86.ActiveCfg = Debug|Any CPU
		{0B310171-77EB-425D-8F04-891BB11BECAB}.Debug|x86.Build.0 = Debug|Any CPU
		{0B310171-77EB-425D-8F04-891BB11BECAB}.Release|Any CPU.ActiveCfg = Release|Any CPU
		{0B310171-77EB-425D-8F04-891BB11BECAB}.Release|Any CPU.Build.0 = Release|Any CPU
		{0B310171-77EB-425D-8F04-891BB11BECAB}.Release|ARM.ActiveCfg = Release|Any CPU
		{0B310171-77EB-425D-8F04-891BB11BECAB}.Release|ARM.Build.0 = Release|Any CPU
		{0B310171-77EB-425D-8F04-891BB11BECAB}.Release|ARM64.ActiveCfg = Release|Any CPU
		{0B310171-77EB-425D-8F04-891BB11BECAB}.Release|ARM64.Build.0 = Release|Any CPU
		{0B310171-77EB-425D-8F04-891BB11BECAB}.Release|x64.ActiveCfg = Release|Any CPU
		{0B310171-77EB-425D-8F04-891BB11BECAB}.Release|x64.Build.0 = Release|Any CPU
		{0B310171-77EB-425D-8F04-891BB11BECAB}.Release|x86.ActiveCfg = Release|Any CPU
		{0B310171-77EB-425D-8F04-891BB11BECAB}.Release|x86.Build.0 = Release|Any CPU
		{8200F0BC-9AD4-495C-9995-2CCFC9DC857A}.Debug|Any CPU.ActiveCfg = Debug|Any CPU
		{8200F0BC-9AD4-495C-9995-2CCFC9DC857A}.Debug|Any CPU.Build.0 = Debug|Any CPU
		{8200F0BC-9AD4-495C-9995-2CCFC9DC857A}.Debug|ARM.ActiveCfg = Debug|Any CPU
		{8200F0BC-9AD4-495C-9995-2CCFC9DC857A}.Debug|ARM.Build.0 = Debug|Any CPU
		{8200F0BC-9AD4-495C-9995-2CCFC9DC857A}.Debug|ARM64.ActiveCfg = Debug|Any CPU
		{8200F0BC-9AD4-495C-9995-2CCFC9DC857A}.Debug|ARM64.Build.0 = Debug|Any CPU
		{8200F0BC-9AD4-495C-9995-2CCFC9DC857A}.Debug|x64.ActiveCfg = Debug|Any CPU
		{8200F0BC-9AD4-495C-9995-2CCFC9DC857A}.Debug|x64.Build.0 = Debug|Any CPU
		{8200F0BC-9AD4-495C-9995-2CCFC9DC857A}.Debug|x86.ActiveCfg = Debug|Any CPU
		{8200F0BC-9AD4-495C-9995-2CCFC9DC857A}.Debug|x86.Build.0 = Debug|Any CPU
		{8200F0BC-9AD4-495C-9995-2CCFC9DC857A}.Release|Any CPU.ActiveCfg = Release|Any CPU
		{8200F0BC-9AD4-495C-9995-2CCFC9DC857A}.Release|Any CPU.Build.0 = Release|Any CPU
		{8200F0BC-9AD4-495C-9995-2CCFC9DC857A}.Release|ARM.ActiveCfg = Release|Any CPU
		{8200F0BC-9AD4-495C-9995-2CCFC9DC857A}.Release|ARM.Build.0 = Release|Any CPU
		{8200F0BC-9AD4-495C-9995-2CCFC9DC857A}.Release|ARM64.ActiveCfg = Release|Any CPU
		{8200F0BC-9AD4-495C-9995-2CCFC9DC857A}.Release|ARM64.Build.0 = Release|Any CPU
		{8200F0BC-9AD4-495C-9995-2CCFC9DC857A}.Release|x64.ActiveCfg = Release|Any CPU
		{8200F0BC-9AD4-495C-9995-2CCFC9DC857A}.Release|x64.Build.0 = Release|Any CPU
		{8200F0BC-9AD4-495C-9995-2CCFC9DC857A}.Release|x86.ActiveCfg = Release|Any CPU
		{8200F0BC-9AD4-495C-9995-2CCFC9DC857A}.Release|x86.Build.0 = Release|Any CPU
		{3DA1306C-A427-443B-B545-BCA4DAAD2CFD}.Debug|Any CPU.ActiveCfg = Debug|Any CPU
		{3DA1306C-A427-443B-B545-BCA4DAAD2CFD}.Debug|Any CPU.Build.0 = Debug|Any CPU
		{3DA1306C-A427-443B-B545-BCA4DAAD2CFD}.Debug|ARM.ActiveCfg = Debug|Any CPU
		{3DA1306C-A427-443B-B545-BCA4DAAD2CFD}.Debug|ARM.Build.0 = Debug|Any CPU
		{3DA1306C-A427-443B-B545-BCA4DAAD2CFD}.Debug|ARM64.ActiveCfg = Debug|Any CPU
		{3DA1306C-A427-443B-B545-BCA4DAAD2CFD}.Debug|ARM64.Build.0 = Debug|Any CPU
		{3DA1306C-A427-443B-B545-BCA4DAAD2CFD}.Debug|x64.ActiveCfg = Debug|Any CPU
		{3DA1306C-A427-443B-B545-BCA4DAAD2CFD}.Debug|x64.Build.0 = Debug|Any CPU
		{3DA1306C-A427-443B-B545-BCA4DAAD2CFD}.Debug|x86.ActiveCfg = Debug|Any CPU
		{3DA1306C-A427-443B-B545-BCA4DAAD2CFD}.Debug|x86.Build.0 = Debug|Any CPU
		{3DA1306C-A427-443B-B545-BCA4DAAD2CFD}.Release|Any CPU.ActiveCfg = Release|Any CPU
		{3DA1306C-A427-443B-B545-BCA4DAAD2CFD}.Release|Any CPU.Build.0 = Release|Any CPU
		{3DA1306C-A427-443B-B545-BCA4DAAD2CFD}.Release|ARM.ActiveCfg = Release|Any CPU
		{3DA1306C-A427-443B-B545-BCA4DAAD2CFD}.Release|ARM.Build.0 = Release|Any CPU
		{3DA1306C-A427-443B-B545-BCA4DAAD2CFD}.Release|ARM64.ActiveCfg = Release|Any CPU
		{3DA1306C-A427-443B-B545-BCA4DAAD2CFD}.Release|ARM64.Build.0 = Release|Any CPU
		{3DA1306C-A427-443B-B545-BCA4DAAD2CFD}.Release|x64.ActiveCfg = Release|Any CPU
		{3DA1306C-A427-443B-B545-BCA4DAAD2CFD}.Release|x64.Build.0 = Release|Any CPU
		{3DA1306C-A427-443B-B545-BCA4DAAD2CFD}.Release|x86.ActiveCfg = Release|Any CPU
		{3DA1306C-A427-443B-B545-BCA4DAAD2CFD}.Release|x86.Build.0 = Release|Any CPU
	EndGlobalSection
	GlobalSection(SolutionProperties) = preSolution
		HideSolutionNode = FALSE
	EndGlobalSection
	GlobalSection(NestedProjects) = preSolution
		{F117B245-A6D6-4DDD-BA1D-FB2762B83C7B} = {F6C887D9-C748-4B92-A715-0519644F5BC3}
		{7C9038A3-1272-4FDA-956A-0658E4D56292} = {B0AA3C8A-F9E2-4742-9F86-F34D10136B49}
		{6E53A1C7-8369-4A32-9998-A63C9CBFC43C} = {B0AA3C8A-F9E2-4742-9F86-F34D10136B49}
		{B523B86A-BA3F-4B9C-A3EF-046AD5B1162B} = {F6C887D9-C748-4B92-A715-0519644F5BC3}
		{E368E22F-F952-4924-A0E6-63B7D9040B14} = {07D4199B-1D53-4779-9D4F-7D6484294D57}
		{7F518DAB-25AA-4C61-9C0B-8DF93FACFD68} = {1B722F2A-D668-4DA7-9A29-4D5912EE26E1}
		{43C36F27-4C8D-4279-8D4B-EB7A92552540} = {5F83D21B-5904-4B05-8218-74C68D2715B6}
		{5BBFBC89-4E9D-44C0-9AC2-2848A7801FB3} = {5F83D21B-5904-4B05-8218-74C68D2715B6}
		{A50DC86D-90B7-4F2B-8272-2069E9D4858F} = {5F83D21B-5904-4B05-8218-74C68D2715B6}
		{0B310171-77EB-425D-8F04-891BB11BECAB} = {5F83D21B-5904-4B05-8218-74C68D2715B6}
		{8200F0BC-9AD4-495C-9995-2CCFC9DC857A} = {CC8ECB38-CC6C-4669-B817-AD6A62941F75}
		{5F83D21B-5904-4B05-8218-74C68D2715B6} = {CBFBCB96-9CD8-4A2F-8E75-55393E4F820E}
		{CC8ECB38-CC6C-4669-B817-AD6A62941F75} = {CBFBCB96-9CD8-4A2F-8E75-55393E4F820E}
		{3DA1306C-A427-443B-B545-BCA4DAAD2CFD} = {5F83D21B-5904-4B05-8218-74C68D2715B6}
	EndGlobalSection
	GlobalSection(ExtensibilityGlobals) = postSolution
		SolutionGuid = {D45F5D8C-EFB3-4DC8-AAF9-404E4B12D4F3}
	EndGlobalSection
EndGlobal
